github.com/google/uuid v1.4.0 h1:MtMxsa51/r9yyhkyLsVeVt0B+BGQZzpQiTQ4eHZ8bc4=
github.com/google/uuid v1.4.0/go.mod h1:TIyPZe4MgqvfeYDBFedMoGGpEw/LqOeaOT+nhxU+yHo=
github.com/zcalusic/sysinfo v1.0.2 h1:nwTTo2a+WQ0NXwo0BGRojOJvJ/5XKvQih+2RrtWqfxc=
github.com/zcalusic/sysinfo v1.0.2/go.mod h1:kluzTYflRWo6/tXVMJPdEjShsbPpsFRyy+p1mBQPC30=
